
Microsoft Visual Studio Solution File, Format Version 12.00
# Visual Studio Version 17
VisualStudioVersion = 17.14.36203.30 d17.14
MinimumVisualStudioVersion = 10.0.40219.1
Project("{FAE04EC0-301F-11D3-BF4B-00C04F79EFBC}") = "ClienteApi", "ClienteApi.csproj", "{EB88E10B-806B-4BB6-887C-F7CB3046491D}"
EndProject
Global
	GlobalSection(SolutionConfigurationPlatforms) = preSolution
		Debug|Any CPU = Debug|Any CPU
		Release|Any CPU = Release|Any CPU
	EndGlobalSection
	GlobalSection(ProjectConfigurationPlatforms) = postSolution
		{EB88E10B-806B-4BB6-887C-F7CB3046491D}.Debug|Any CPU.ActiveCfg = Debug|Any CPU
		{EB88E10B-806B-4BB6-887C-F7CB3046491D}.Debug|Any CPU.Build.0 = Debug|Any CPU
		{EB88E10B-806B-4BB6-887C-F7CB3046491D}.Release|Any CPU.ActiveCfg = Release|Any CPU
		{EB88E10B-806B-4BB6-887C-F7CB3046491D}.Release|Any CPU.Build.0 = Release|Any CPU
	EndGlobalSection
	GlobalSection(SolutionProperties) = preSolution
		HideSolutionNode = FALSE
	EndGlobalSection
	GlobalSection(ExtensibilityGlobals) = postSolution
		SolutionGuid = {2A2CD41B-8DB6-4A74-A407-B0774F3D1FAE}
	EndGlobalSection
EndGlobal
